# THIS IS AN AUTOGENERATED FILE. DO NOT EDIT THIS FILE DIRECTLY.
# yarn lockfile v1


"@next/env@14.2.10":
  version "14.2.10"
  resolved "https://registry.yarnpkg.com/@next/env/-/env-14.2.10.tgz#1d3178340028ced2d679f84140877db4f420333c"
  integrity sha512-dZIu93Bf5LUtluBXIv4woQw2cZVZ2DJTjax5/5DOs3lzEOeKLy7GxRSr4caK9/SCPdaW6bCgpye6+n4Dh9oJPw==

"@next/swc-darwin-arm64@14.2.10":
  version "14.2.10"
  resolved "https://registry.yarnpkg.com/@next/swc-darwin-arm64/-/swc-darwin-arm64-14.2.10.tgz#49d10ca4086fbd59ee68e204f75d7136eda2aa80"
  integrity sha512-V3z10NV+cvMAfxQUMhKgfQnPbjw+Ew3cnr64b0lr8MDiBJs3eLnM6RpGC46nhfMZsiXgQngCJKWGTC/yDcgrDQ==

"@next/swc-darwin-x64@14.2.10":
  version "14.2.10"
  resolved "https://registry.yarnpkg.com/@next/swc-darwin-x64/-/swc-darwin-x64-14.2.10.tgz#0ebeae3afb8eac433882b79543295ab83624a1a8"
  integrity sha512-Y0TC+FXbFUQ2MQgimJ/7Ina2mXIKhE7F+GUe1SgnzRmwFY3hX2z8nyVCxE82I2RicspdkZnSWMn4oTjIKz4uzA==

"@next/swc-linux-arm64-gnu@14.2.10":
  version "14.2.10"
  resolved "https://registry.yarnpkg.com/@next/swc-linux-arm64-gnu/-/swc-linux-arm64-gnu-14.2.10.tgz#7e602916d2fb55a3c532f74bed926a0137c16f20"
  integrity sha512-ZfQ7yOy5zyskSj9rFpa0Yd7gkrBnJTkYVSya95hX3zeBG9E55Z6OTNPn1j2BTFWvOVVj65C3T+qsjOyVI9DQpA==

"@next/swc-linux-arm64-musl@14.2.10":
  version "14.2.10"
  resolved "https://registry.yarnpkg.com/@next/swc-linux-arm64-musl/-/swc-linux-arm64-musl-14.2.10.tgz#6b143f628ccee490b527562e934f8de578d4be47"
  integrity sha512-n2i5o3y2jpBfXFRxDREr342BGIQCJbdAUi/K4q6Env3aSx8erM9VuKXHw5KNROK9ejFSPf0LhoSkU/ZiNdacpQ==

"@next/swc-linux-x64-gnu@14.2.10":
  version "14.2.10"
  resolved "https://registry.yarnpkg.com/@next/swc-linux-x64-gnu/-/swc-linux-x64-gnu-14.2.10.tgz#086f2f16a0678890a1eb46518c4dda381b046082"
  integrity sha512-GXvajAWh2woTT0GKEDlkVhFNxhJS/XdDmrVHrPOA83pLzlGPQnixqxD8u3bBB9oATBKB//5e4vpACnx5Vaxdqg==

"@next/swc-linux-x64-musl@14.2.10":
  version "14.2.10"
  resolved "https://registry.yarnpkg.com/@next/swc-linux-x64-musl/-/swc-linux-x64-musl-14.2.10.tgz#1befef10ed8dbcc5047b5d637a25ae3c30a0bfc3"
  integrity sha512-opFFN5B0SnO+HTz4Wq4HaylXGFV+iHrVxd3YvREUX9K+xfc4ePbRrxqOuPOFjtSuiVouwe6uLeDtabjEIbkmDA==

"@next/swc-win32-arm64-msvc@14.2.10":
  version "14.2.10"
  resolved "https://registry.yarnpkg.com/@next/swc-win32-arm64-msvc/-/swc-win32-arm64-msvc-14.2.10.tgz#731f52c3ae3c56a26cf21d474b11ae1529531209"
  integrity sha512-9NUzZuR8WiXTvv+EiU/MXdcQ1XUvFixbLIMNQiVHuzs7ZIFrJDLJDaOF1KaqttoTujpcxljM/RNAOmw1GhPPQQ==

"@next/swc-win32-ia32-msvc@14.2.10":
  version "14.2.10"
  resolved "https://registry.yarnpkg.com/@next/swc-win32-ia32-msvc/-/swc-win32-ia32-msvc-14.2.10.tgz#32723ef7f04e25be12af357cc72ddfdd42fd1041"
  integrity sha512-fr3aEbSd1GeW3YUMBkWAu4hcdjZ6g4NBl1uku4gAn661tcxd1bHs1THWYzdsbTRLcCKLjrDZlNp6j2HTfrw+Bg==

"@next/swc-win32-x64-msvc@14.2.10":
  version "14.2.10"
  resolved "https://registry.yarnpkg.com/@next/swc-win32-x64-msvc/-/swc-win32-x64-msvc-14.2.10.tgz#ee1d036cb5ec871816f96baee7991035bb242455"
  integrity sha512-UjeVoRGKNL2zfbcQ6fscmgjBAS/inHBh63mjIlfPg/NG8Yn2ztqylXt5qilYb6hoHIwaU2ogHknHWWmahJjgZQ==

"@swc/counter@^0.1.3":
  version "0.1.3"
  resolved "https://registry.yarnpkg.com/@swc/counter/-/counter-0.1.3.tgz#cc7463bd02949611c6329596fccd2b0ec782b0e9"
  integrity sha512-e2BR4lsJkkRlKZ/qCHPw9ZaSxc0MVUd7gtbtaB7aMvHeJVYe8sOB8DBZkP2DtISHGSku9sCK6T6cnY0CtXrOCQ==

"@swc/helpers@0.5.5":
  version "0.5.5"
  resolved "https://registry.yarnpkg.com/@swc/helpers/-/helpers-0.5.5.tgz#12689df71bfc9b21c4f4ca00ae55f2f16c8b77c0"
  integrity sha512-KGYxvIOXcceOAbEk4bi/dVLEK9z8sZ0uBB3Il5b1rhfClSpcX0yfRO0KmTkqR2cnQDymwLB+25ZyMzICg/cm/A==
  dependencies:
    "@swc/counter" "^0.1.3"
    tslib "^2.4.0"

"@toast-ui/editor@^3.2.2":
  version "3.2.2"
  resolved "https://registry.yarnpkg.com/@toast-ui/editor/-/editor-3.2.2.tgz#1f2837271c5c9c3e29e090d7440bfc6ab23fb4c4"
  integrity sha512-ASX7LFjN2ZYQJrwmkUajPs7DRr9FsM1+RQ82CfTO0Y5ZXorBk1VZS4C2Dpxinx9kl55V4F8/A2h2QF4QMDtRbA==
  dependencies:
    dompurify "^2.3.3"
    prosemirror-commands "^1.1.9"
    prosemirror-history "^1.1.3"
    prosemirror-inputrules "^1.1.3"
    prosemirror-keymap "^1.1.4"
    prosemirror-model "^1.14.1"
    prosemirror-state "^1.3.4"
    prosemirror-view "^1.18.7"

"@toast-ui/react-editor@^3.2.3":
  version "3.2.3"
  resolved "https://registry.yarnpkg.com/@toast-ui/react-editor/-/react-editor-3.2.3.tgz#e335f99595709b5b1961d3d77a0338a07c419a32"
  integrity sha512-86QdgiOkBeSwRBEUWRKsTpnm6yu5j9HNJ3EfQN8EGcd7kI8k8AhExXyUJ3NNgNTzN7FfSKMw+1VaCDDC+aZ3dw==
  dependencies:
    "@toast-ui/editor" "^3.2.2"

"@types/node@^22.1.0":
  version "22.1.0"
  resolved "https://registry.yarnpkg.com/@types/node/-/node-22.1.0.tgz#6d6adc648b5e03f0e83c78dc788c2b037d0ad94b"
  integrity sha512-AOmuRF0R2/5j1knA3c6G3HOk523Ga+l+ZXltX8SF1+5oqcXijjfTd8fY3XRZqSihEu9XhtQnKYLmkFaoxgsJHw==
  dependencies:
    undici-types "~6.13.0"

"@types/prop-types@*":
  version "15.7.5"
  resolved "https://registry.yarnpkg.com/@types/prop-types/-/prop-types-15.7.5.tgz#5f19d2b85a98e9558036f6a3cacc8819420f05cf"
  integrity sha512-JCB8C6SnDoQf0cNycqd/35A7MjcnK+ZTqE7judS6o7utxUCg6imJg3QK2qzHKszlTjcj2cn+NwMB2i96ubpj7w==

"@types/react@^18.3.3":
  version "18.3.3"
  resolved "https://registry.yarnpkg.com/@types/react/-/react-18.3.3.tgz#9679020895318b0915d7a3ab004d92d33375c45f"
  integrity sha512-hti/R0pS0q1/xx+TsI73XIqk26eBsISZ2R0wUijXIngRK9R/e7Xw/cXVxQK7R5JjW+SV4zGcn5hXjudkN/pLIw==
  dependencies:
    "@types/prop-types" "*"
    csstype "^3.0.2"

"@vercel/analytics@^1.3.1":
  version "1.3.1"
  resolved "https://registry.yarnpkg.com/@vercel/analytics/-/analytics-1.3.1.tgz#e2b1deac1b5d14fa2e4fe36186ac5054c6385ae4"
  integrity sha512-xhSlYgAuJ6Q4WQGkzYTLmXwhYl39sWjoMA3nHxfkvG+WdBT25c563a7QhwwKivEOZtPJXifYHR1m2ihoisbWyA==
  dependencies:
    server-only "^0.0.1"

"@vercel/speed-insights@^1.0.12":
  version "1.0.12"
  resolved "https://registry.yarnpkg.com/@vercel/speed-insights/-/speed-insights-1.0.12.tgz#71c2edffdedae98d34e306d7b0a573e6816898b4"
  integrity sha512-ZGQ+a7bcfWJD2VYEp2R1LHvRAMyyaFBYytZXsfnbOMkeOvzGNVxUL7aVUvisIrTZjXTSsxG45DKX7yiw6nq2Jw==

busboy@1.6.0:
  version "1.6.0"
  resolved "https://registry.yarnpkg.com/busboy/-/busboy-1.6.0.tgz#966ea36a9502e43cdb9146962523b92f531f6893"
  integrity sha512-8SFQbg/0hQ9xy3UNTB0YEnsNBbWfhf7RtnzpL7TkBiTBRfrQ9Fxcnz7VJsleJpyp6rVLvXiuORqjlHi5q+PYuA==
  dependencies:
    streamsearch "^1.1.0"

caniuse-lite@^1.0.30001579:
  version "1.0.30001581"
  resolved "https://registry.yarnpkg.com/caniuse-lite/-/caniuse-lite-1.0.30001581.tgz#0dfd4db9e94edbdca67d57348ebc070dece279f4"
  integrity sha512-whlTkwhqV2tUmP3oYhtNfaWGYHDdS3JYFQBKXxcUR9qqPWsRhFHhoISO2Xnl/g0xyKzht9mI1LZpiNWfMzHixQ==

classnames@^2.5.1:
  version "2.5.1"
  resolved "https://registry.yarnpkg.com/classnames/-/classnames-2.5.1.tgz#ba774c614be0f016da105c858e7159eae8e7687b"
  integrity sha512-saHYOzhIQs6wy2sVxTM6bUDsQO4F50V9RQ22qBpEdCW+I+/Wmke2HOl6lS6dTpdxVhb88/I6+Hs+438c3lfUow==

client-only@0.0.1, client-only@^0.0.1:
  version "0.0.1"
  resolved "https://registry.yarnpkg.com/client-only/-/client-only-0.0.1.tgz#38bba5d403c41ab150bff64a95c85013cf73bca1"
  integrity sha512-IV3Ou0jSMzZrd3pZ48nLkT9DA7Ag1pnPzaiQhpW7c3RbcqqzvzzVu+L8gfqMp/8IM2MQtSiqaCxrrcfu8I8rMA==

commander@^9.0.0:
  version "9.4.1"
  resolved "https://registry.yarnpkg.com/commander/-/commander-9.4.1.tgz#d1dd8f2ce6faf93147295c0df13c7c21141cfbdd"
  integrity sha512-5EEkTNyHNGFPD2H+c/dXXfQZYa/scCKasxWcXJaWnNJ99pnQN9Vnmqow+p+PlFPE63Q6mThaZws1T+HxfpgtPw==

csstype@^3.0.2:
  version "3.1.1"
  resolved "https://registry.yarnpkg.com/csstype/-/csstype-3.1.1.tgz#841b532c45c758ee546a11d5bd7b7b473c8c30b9"
  integrity sha512-DJR/VvkAvSZW9bTouZue2sSxDwdTN92uHjqeKVm+0dAqdfNykRzQ95tay8aXMBAAPpUiq4Qcug2L7neoRh2Egw==

data-uri-to-buffer@^4.0.0:
  version "4.0.0"
  resolved "https://registry.yarnpkg.com/data-uri-to-buffer/-/data-uri-to-buffer-4.0.0.tgz#b5db46aea50f6176428ac05b73be39a57701a64b"
  integrity sha512-Vr3mLBA8qWmcuschSLAOogKgQ/Jwxulv3RNE4FXnYWRGujzrRWQI4m12fQqRkwX06C0KanhLr4hK+GydchZsaA==

date-fns@^3.6.0:
  version "3.6.0"
  resolved "https://registry.yarnpkg.com/date-fns/-/date-fns-3.6.0.tgz#f20ca4fe94f8b754951b24240676e8618c0206bf"
  integrity sha512-fRHTG8g/Gif+kSh50gaGEdToemgfj74aRX3swtiouboip5JDLAyDE9F11nHMIcvOaXeOC6D7SpNhi7uFyB7Uww==

dompurify@^2.3.3:
  version "2.4.1"
  resolved "https://registry.yarnpkg.com/dompurify/-/dompurify-2.4.1.tgz#f9cb1a275fde9af6f2d0a2644ef648dd6847b631"
  integrity sha512-ewwFzHzrrneRjxzmK6oVz/rZn9VWspGFRDb4/rRtIsM1n36t9AKma/ye8syCpcw+XJ25kOK/hOG7t1j2I2yBqA==

entities@^2.0.3:
  version "2.2.0"
  resolved "https://registry.yarnpkg.com/entities/-/entities-2.2.0.tgz#098dc90ebb83d8dffa089d55256b351d34c4da55"
  integrity sha512-p92if5Nz619I0w+akJrLZH0MX0Pb5DX39XOwQTtXSdQQOaYH03S1uIQp4mhOZtAXrxq4ViO67YTiLBo2638o9A==

fetch-blob@^3.1.2, fetch-blob@^3.1.4:
  version "3.2.0"
  resolved "https://registry.yarnpkg.com/fetch-blob/-/fetch-blob-3.2.0.tgz#f09b8d4bbd45adc6f0c20b7e787e793e309dcce9"
  integrity sha512-7yAQpD2UMJzLi1Dqv7qFYnPbaPx7ZfFK6PiIxQ4PfkGPyNyl2Ugx+a/umUonmKqjhM4DnfbMvdX6otXq83soQQ==
  dependencies:
    node-domexception "^1.0.0"
    web-streams-polyfill "^3.0.3"

formdata-polyfill@^4.0.10:
  version "4.0.10"
  resolved "https://registry.yarnpkg.com/formdata-polyfill/-/formdata-polyfill-4.0.10.tgz#24807c31c9d402e002ab3d8c720144ceb8848423"
  integrity sha512-buewHzMvYL29jdeQTVILecSaZKnt/RJWjoZCF5OW60Z67/GmSLBkOFM7qh1PI3zFNtJbaZL5eQu1vLfazOwj4g==
  dependencies:
    fetch-blob "^3.1.2"

graceful-fs@^4.2.11:
  version "4.2.11"
  resolved "https://registry.yarnpkg.com/graceful-fs/-/graceful-fs-4.2.11.tgz#4183e4e8bf08bb6e05bbb2f7d2e0c8f712ca40e3"
  integrity sha512-RbJ5/jmFcNNCcDV5o9eTnBLJ/HszWV0P73bc+Ff4nS/rJj+YaS6IGyiOL0VoBYX+l1Wrl3k63h/KrH+nhJ0XvQ==

"js-tokens@^3.0.0 || ^4.0.0":
  version "4.0.0"
  resolved "https://registry.yarnpkg.com/js-tokens/-/js-tokens-4.0.0.tgz#19203fb59991df98e3a287050d4647cdeaf32499"
  integrity sha512-RdJUflcE3cUzKiMqQgsCu06FPu9UdIJO0beYbPhHN4k6apgJtifcoCtT9bcxOpYBtpD2kCM6Sbzg4CausW/PKQ==

loose-envify@^1.1.0:
  version "1.4.0"
  resolved "https://registry.yarnpkg.com/loose-envify/-/loose-envify-1.4.0.tgz#71ee51fa7be4caec1a63839f7e682d8132d30caf"
  integrity sha512-lyuxPGr/Wfhrlem2CL/UcnUc1zcqKAImBDzukY7Y5F/yQiNdko6+fRLevlw1HgMySw7f611UIY408EtxRSoK3Q==
  dependencies:
    js-tokens "^3.0.0 || ^4.0.0"

nanoid@^3.3.6:
  version "3.3.7"
  resolved "https://registry.yarnpkg.com/nanoid/-/nanoid-3.3.7.tgz#d0c301a691bc8d54efa0a2226ccf3fe2fd656bd8"
  integrity sha512-eSRppjcPIatRIMC1U6UngP8XFcz8MQWGQdt1MTBQ7NaAmvXDfvNxbvWV3x2y6CdEUciCSsDHDQZbhYaB8QEo2g==

next@14.2.10:
  version "14.2.10"
  resolved "https://registry.yarnpkg.com/next/-/next-14.2.10.tgz#331981a4fecb1ae8af1817d4db98fc9687ee1cb6"
  integrity sha512-sDDExXnh33cY3RkS9JuFEKaS4HmlWmDKP1VJioucCG6z5KuA008DPsDZOzi8UfqEk3Ii+2NCQSJrfbEWtZZfww==
  dependencies:
    "@next/env" "14.2.10"
    "@swc/helpers" "0.5.5"
    busboy "1.6.0"
    caniuse-lite "^1.0.30001579"
    graceful-fs "^4.2.11"
    postcss "8.4.31"
    styled-jsx "5.1.1"
  optionalDependencies:
    "@next/swc-darwin-arm64" "14.2.10"
    "@next/swc-darwin-x64" "14.2.10"
    "@next/swc-linux-arm64-gnu" "14.2.10"
    "@next/swc-linux-arm64-musl" "14.2.10"
    "@next/swc-linux-x64-gnu" "14.2.10"
    "@next/swc-linux-x64-musl" "14.2.10"
    "@next/swc-win32-arm64-msvc" "14.2.10"
    "@next/swc-win32-ia32-msvc" "14.2.10"
    "@next/swc-win32-x64-msvc" "14.2.10"

node-domexception@^1.0.0:
  version "1.0.0"
  resolved "https://registry.yarnpkg.com/node-domexception/-/node-domexception-1.0.0.tgz#6888db46a1f71c0b76b3f7555016b63fe64766e5"
  integrity sha512-/jKZoMpw0F8GRwl4/eLROPA3cfcXtLApP0QzLmUT/HuPCZWyB7IY9ZrMeKw2O/nFIqPQB3PVM9aYm0F312AXDQ==

node-fetch@^3.3.2:
  version "3.3.2"
  resolved "https://registry.yarnpkg.com/node-fetch/-/node-fetch-3.3.2.tgz#d1e889bacdf733b4ff3b2b243eb7a12866a0b78b"
  integrity sha512-dRB78srN/l6gqWulah9SrxeYnxeddIG30+GOqK/9OlLVyLg3HPnr6SqOWTWOXKRwC2eGYCkZ59NNuSgvSrpgOA==
  dependencies:
    data-uri-to-buffer "^4.0.0"
    fetch-blob "^3.1.4"
    formdata-polyfill "^4.0.10"

normalize.css@^8.0.1:
  version "8.0.1"
  resolved "https://registry.yarnpkg.com/normalize.css/-/normalize.css-8.0.1.tgz#9b98a208738b9cc2634caacbc42d131c97487bf3"
  integrity sha512-qizSNPO93t1YUuUhP22btGOo3chcvDFqFaj2TRybP0DMxkHOCTYwp3n34fel4a31ORXy4m1Xq0Gyqpb5m33qIg==

orderedmap@^2.0.0:
  version "2.1.0"
  resolved "https://registry.yarnpkg.com/orderedmap/-/orderedmap-2.1.0.tgz#819457082fa3a06abd316d83a281a1ca467437cd"
  integrity sha512-/pIFexOm6S70EPdznemIz3BQZoJ4VTFrhqzu0ACBqBgeLsLxq8e6Jim63ImIfwW/zAD1AlXpRMlOv3aghmo4dA==

picocolors@^1.0.0:
  version "1.0.0"
  resolved "https://registry.yarnpkg.com/picocolors/-/picocolors-1.0.0.tgz#cb5bdc74ff3f51892236eaf79d68bc44564ab81c"
  integrity sha512-1fygroTLlHu66zi26VoTDv8yRgm0Fccecssto+MhsZ0D/DGW2sm8E8AjW7NU5VVTRt5GxbeZ5qBuJr+HyLYkjQ==

postcss@8.4.31:
  version "8.4.31"
  resolved "https://registry.yarnpkg.com/postcss/-/postcss-8.4.31.tgz#92b451050a9f914da6755af352bdc0192508656d"
  integrity sha512-PS08Iboia9mts/2ygV3eLpY5ghnUcfLV/EXTOW1E2qYxJKGGBUtNjN76FYHnMs36RmARn41bC0AZmn+rR0OVpQ==
  dependencies:
    nanoid "^3.3.6"
    picocolors "^1.0.0"
    source-map-js "^1.0.2"

prosemirror-commands@^1.1.9:
  version "1.5.0"
  resolved "https://registry.yarnpkg.com/prosemirror-commands/-/prosemirror-commands-1.5.0.tgz#d10efece1647c1d984fef6f65d52fdc77785560b"
  integrity sha512-zL0Fxbj3fh71GPNHn5YdYgYGX2aU2XLecZYk2ekEF0oOD259HcXtM+96VjPVi5o3h4sGUdDfEEhGiREXW6U+4A==
  dependencies:
    prosemirror-model "^1.0.0"
    prosemirror-state "^1.0.0"
    prosemirror-transform "^1.0.0"

prosemirror-history@^1.1.3:
  version "1.3.0"
  resolved "https://registry.yarnpkg.com/prosemirror-history/-/prosemirror-history-1.3.0.tgz#bf5a1ff7759aca759ddf0c722c2fa5b14fb0ddc1"
  integrity sha512-qo/9Wn4B/Bq89/YD+eNWFbAytu6dmIM85EhID+fz9Jcl9+DfGEo8TTSrRhP15+fFEoaPqpHSxlvSzSEbmlxlUA==
  dependencies:
    prosemirror-state "^1.2.2"
    prosemirror-transform "^1.0.0"
    rope-sequence "^1.3.0"

prosemirror-inputrules@^1.1.3:
  version "1.2.0"
  resolved "https://registry.yarnpkg.com/prosemirror-inputrules/-/prosemirror-inputrules-1.2.0.tgz#476dde2dc244050b3aca00cf58a82adfad6749e7"
  integrity sha512-eAW/M/NTSSzpCOxfR8Abw6OagdG0MiDAiWHQMQveIsZtoKVYzm0AflSPq/ymqJd56/Su1YPbwy9lM13wgHOFmQ==
  dependencies:
    prosemirror-state "^1.0.0"
    prosemirror-transform "^1.0.0"

prosemirror-keymap@^1.1.4:
  version "1.2.0"
  resolved "https://registry.yarnpkg.com/prosemirror-keymap/-/prosemirror-keymap-1.2.0.tgz#d5cc9da9b712020690a994b50b92a0e448a60bf5"
  integrity sha512-TdSfu+YyLDd54ufN/ZeD1VtBRYpgZnTPnnbY+4R08DDgs84KrIPEPbJL8t1Lm2dkljFx6xeBE26YWH3aIzkPKg==
  dependencies:
    prosemirror-state "^1.0.0"
    w3c-keyname "^2.2.0"

prosemirror-model@^1.0.0, prosemirror-model@^1.14.1, prosemirror-model@^1.16.0:
  version "1.18.3"
  resolved "https://registry.yarnpkg.com/prosemirror-model/-/prosemirror-model-1.18.3.tgz#d1026a78cff928fd600e90d87cf7d162e0a4e3fd"
  integrity sha512-yUVejauEY3F1r7PDy4UJKEGeIU+KFc71JQl5sNvG66CLVdKXRjhWpBW6KMeduGsmGOsw85f6EGrs6QxIKOVILA==
  dependencies:
    orderedmap "^2.0.0"

prosemirror-state@^1.0.0, prosemirror-state@^1.2.2, prosemirror-state@^1.3.4:
  version "1.4.2"
  resolved "https://registry.yarnpkg.com/prosemirror-state/-/prosemirror-state-1.4.2.tgz#f93bd8a33a4454efab917ba9b738259d828db7e5"
  integrity sha512-puuzLD2mz/oTdfgd8msFbe0A42j5eNudKAAPDB0+QJRw8cO1ygjLmhLrg9RvDpf87Dkd6D4t93qdef00KKNacQ==
  dependencies:
    prosemirror-model "^1.0.0"
    prosemirror-transform "^1.0.0"
    prosemirror-view "^1.27.0"

prosemirror-transform@^1.0.0, prosemirror-transform@^1.1.0:
  version "1.7.0"
  resolved "https://registry.yarnpkg.com/prosemirror-transform/-/prosemirror-transform-1.7.0.tgz#a8a0768f3ee6418d26ebef435beda9d43c65e472"
  integrity sha512-O4T697Cqilw06Zvc3Wm+e237R6eZtJL/xGMliCi+Uo8VL6qHk6afz1qq0zNjT3eZMuYwnP8ZS0+YxX/tfcE9TQ==
  dependencies:
    prosemirror-model "^1.0.0"

prosemirror-view@^1.18.7, prosemirror-view@^1.27.0:
  version "1.29.1"
  resolved "https://registry.yarnpkg.com/prosemirror-view/-/prosemirror-view-1.29.1.tgz#9a4938d1a863ca76e23c6573d30e3ece2b17d9a0"
  integrity sha512-OhujVZSDsh0l0PyHNdfaBj6DBkbhYaCfbaxmTeFrMKd/eWS+G6IC+OAbmR9IsLC8Se1HSbphMaXnsXjupHL3UQ==
  dependencies:
    prosemirror-model "^1.16.0"
    prosemirror-state "^1.0.0"
    prosemirror-transform "^1.1.0"

react-dom@18.3.1:
  version "18.3.1"
  resolved "https://registry.yarnpkg.com/react-dom/-/react-dom-18.3.1.tgz#c2265d79511b57d479b3dd3fdfa51536494c5cb4"
  integrity sha512-5m4nQKp+rZRb09LNH59GM4BxTh9251/ylbKIbpe7TpGxfJ+9kv6BLkLBXIjjspbgbnIBNqlI23tRnTWT0snUIw==
  dependencies:
    loose-envify "^1.1.0"
    scheduler "^0.23.2"

react@18.3.1:
  version "18.3.1"
  resolved "https://registry.yarnpkg.com/react/-/react-18.3.1.tgz#49ab892009c53933625bd16b2533fc754cab2891"
  integrity sha512-wS+hAgJShR0KhEvPJArfuPVN1+Hz1t0Y6n5jLrGQbkb4urgPE/0Rve+1kMB1v/oWgHgm4WIcV+i7F2pTVj+2iQ==
  dependencies:
    loose-envify "^1.1.0"

rope-sequence@^1.3.0:
  version "1.3.3"
  resolved "https://registry.yarnpkg.com/rope-sequence/-/rope-sequence-1.3.3.tgz#3f67fc106288b84b71532b4a5fd9d4881e4457f0"
  integrity sha512-85aZYCxweiD5J8yTEbw+E6A27zSnLPNDL0WfPdw3YYodq7WjnTKo0q4dtyQ2gz23iPT8Q9CUyJtAaUNcTxRf5Q==

rss-parser@^3.13.0:
  version "3.13.0"
  resolved "https://registry.yarnpkg.com/rss-parser/-/rss-parser-3.13.0.tgz#f1f83b0a85166b8310ec531da6fbaa53ff0f50f0"
  integrity sha512-7jWUBV5yGN3rqMMj7CZufl/291QAhvrrGpDNE4k/02ZchL0npisiYYqULF71jCEKoIiHvK/Q2e6IkDwPziT7+w==
  dependencies:
    entities "^2.0.3"
    xml2js "^0.5.0"

sax@>=0.6.0:
  version "1.2.4"
  resolved "https://registry.yarnpkg.com/sax/-/sax-1.2.4.tgz#2816234e2378bddc4e5354fab5caa895df7100d9"
  integrity sha512-NqVDv9TpANUjFm0N8uM5GxL36UgKi9/atZw+x7YFnQ8ckwFGKrl4xX4yWtrey3UJm5nP1kUbnYgLopqWNSRhWw==

scheduler@^0.23.2:
  version "0.23.2"
  resolved "https://registry.yarnpkg.com/scheduler/-/scheduler-0.23.2.tgz#414ba64a3b282892e944cf2108ecc078d115cdc3"
  integrity sha512-UOShsPwz7NrMUqhR6t0hWjFduvOzbtv7toDH1/hIrfRNIDBnnBWd0CwJTGvTpngVlmwGCdP9/Zl/tVrDqcuYzQ==
  dependencies:
    loose-envify "^1.1.0"

server-only@^0.0.1:
  version "0.0.1"
  resolved "https://registry.yarnpkg.com/server-only/-/server-only-0.0.1.tgz#0f366bb6afb618c37c9255a314535dc412cd1c9e"
  integrity sha512-qepMx2JxAa5jjfzxG79yPPq+8BuFToHd1hm7kI+Z4zAq1ftQiP7HcxMhDDItrbtwVeLg/cY2JnKnrcFkmiswNA==

showdown@^2.1.0:
  version "2.1.0"
  resolved "https://registry.yarnpkg.com/showdown/-/showdown-2.1.0.tgz#1251f5ed8f773f0c0c7bfc8e6fd23581f9e545c5"
  integrity sha512-/6NVYu4U819R2pUIk79n67SYgJHWCce0a5xTP979WbNp0FL9MN1I1QK662IDU1b6JzKTvmhgI7T7JYIxBi3kMQ==
  dependencies:
    commander "^9.0.0"

source-map-js@^1.0.2:
  version "1.0.2"
  resolved "https://registry.yarnpkg.com/source-map-js/-/source-map-js-1.0.2.tgz#adbc361d9c62df380125e7f161f71c826f1e490c"
  integrity sha512-R0XvVJ9WusLiqTCEiGCmICCMplcCkIwwR11mOSD9CR5u+IXYdiseeEuXCVAjS54zqwkLcPNnmU4OeJ6tUrWhDw==

streamsearch@^1.1.0:
  version "1.1.0"
  resolved "https://registry.yarnpkg.com/streamsearch/-/streamsearch-1.1.0.tgz#404dd1e2247ca94af554e841a8ef0eaa238da764"
  integrity sha512-Mcc5wHehp9aXz1ax6bZUyY5afg9u2rv5cqQI3mRrYkGC8rW2hM02jWuwjtL++LS5qinSyhj2QfLyNsuc+VsExg==

styled-jsx@5.1.1:
  version "5.1.1"
  resolved "https://registry.yarnpkg.com/styled-jsx/-/styled-jsx-5.1.1.tgz#839a1c3aaacc4e735fed0781b8619ea5d0009d1f"
  integrity sha512-pW7uC1l4mBZ8ugbiZrcIsiIvVx1UmTfw7UkC3Um2tmfUq9Bhk8IiyEIPl6F8agHgjzku6j0xQEZbfA5uSgSaCw==
  dependencies:
    client-only "0.0.1"

swr@^2.2.5:
  version "2.2.5"
  resolved "https://registry.yarnpkg.com/swr/-/swr-2.2.5.tgz#063eea0e9939f947227d5ca760cc53696f46446b"
  integrity sha512-QtxqyclFeAsxEUeZIYmsaQ0UjimSq1RZ9Un7I68/0ClKK/U3LoyQunwkQfJZr2fc22DfIXLNDc2wFyTEikCUpg==
  dependencies:
    client-only "^0.0.1"
    use-sync-external-store "^1.2.0"

tslib@^2.4.0:
  version "2.4.1"
  resolved "https://registry.yarnpkg.com/tslib/-/tslib-2.4.1.tgz#0d0bfbaac2880b91e22df0768e55be9753a5b17e"
  integrity sha512-tGyy4dAjRIEwI7BzsB0lynWgOpfqjUdq91XXAlIWD2OwKBH7oCl/GZG/HT4BOHrTlPMOASlMQ7veyTqpmRcrNA==

typescript@^5.5.4:
  version "5.5.4"
  resolved "https://registry.yarnpkg.com/typescript/-/typescript-5.5.4.tgz#d9852d6c82bad2d2eda4fd74a5762a8f5909e9ba"
  integrity sha512-Mtq29sKDAEYP7aljRgtPOpTvOfbwRWlS6dPRzwjdE+C0R4brX/GUyhHSecbHMFLNBLcJIPt9nl9yG5TZ1weH+Q==

undici-types@~6.13.0:
  version "6.13.0"
  resolved "https://registry.yarnpkg.com/undici-types/-/undici-types-6.13.0.tgz#e3e79220ab8c81ed1496b5812471afd7cf075ea5"
  integrity sha512-xtFJHudx8S2DSoujjMd1WeWvn7KKWFRESZTMeL1RptAYERu29D6jphMjjY+vn96jvN3kVPDNxU/E13VTaXj6jg==

use-sync-external-store@^1.2.0:
  version "1.2.0"
  resolved "https://registry.yarnpkg.com/use-sync-external-store/-/use-sync-external-store-1.2.0.tgz#7dbefd6ef3fe4e767a0cf5d7287aacfb5846928a"
  integrity sha512-eEgnFxGQ1Ife9bzYs6VLi8/4X6CObHMw9Qr9tPY43iKwsPw8xE8+EFsf/2cFZ5S3esXgpWgtSCtLNS41F+sKPA==

w3c-keyname@^2.2.0:
  version "2.2.6"
  resolved "https://registry.yarnpkg.com/w3c-keyname/-/w3c-keyname-2.2.6.tgz#8412046116bc16c5d73d4e612053ea10a189c85f"
  integrity sha512-f+fciywl1SJEniZHD6H+kUO8gOnwIr7f4ijKA6+ZvJFjeGi1r4PDLl53Ayud9O/rk64RqgoQine0feoeOU0kXg==

web-streams-polyfill@^3.0.3:
  version "3.2.1"
  resolved "https://registry.yarnpkg.com/web-streams-polyfill/-/web-streams-polyfill-3.2.1.tgz#71c2718c52b45fd49dbeee88634b3a60ceab42a6"
  integrity sha512-e0MO3wdXWKrLbL0DgGnUV7WHVuw9OUvL4hjgnPkIeEvESk74gAITi5G606JtZPp39cd8HA9VQzCIvA49LpPN5Q==

xml2js@^0.5.0:
  version "0.5.0"
  resolved "https://registry.yarnpkg.com/xml2js/-/xml2js-0.5.0.tgz#d9440631fbb2ed800203fad106f2724f62c493b7"
  integrity sha512-drPFnkQJik/O+uPKpqSgr22mpuFHqKdbS835iAQrUC73L2F5WkboIRd63ai/2Yg6I1jzifPFKH2NTK+cfglkIA==
  dependencies:
    sax ">=0.6.0"
    xmlbuilder "~11.0.0"

xmlbuilder@~11.0.0:
  version "11.0.1"
  resolved "https://registry.yarnpkg.com/xmlbuilder/-/xmlbuilder-11.0.1.tgz#be9bae1c8a046e76b31127726347d0ad7002beb3"
  integrity sha512-fDlsI/kFEx7gLvbecc0/ohLG50fugQp8ryHzMTuW9vSa1GJ0XYWKnhsUx7oie3G98+r56aTQIUB4kht42R3JvA==
