# THIS IS AN AUTOGENERATED FILE. DO NOT EDIT THIS FILE DIRECTLY.
# yarn lockfile v1


"@emnapi/runtime@^1.5.0":
  version "1.6.0"
  resolved "https://registry.yarnpkg.com/@emnapi/runtime/-/runtime-1.6.0.tgz#8fe297e0090f6e89a57a1f31f1c440bdbc3c01d8"
  integrity sha512-obtUmAHTMjll499P+D9A3axeJFlhdjOWdKUNs/U6QIGT7V5RjcUW1xToAzjvmgTSQhDbYn/NwfTRoJcQ2rNBxA==
  dependencies:
    tslib "^2.4.0"

"@img/colour@^1.0.0":
  version "1.0.0"
  resolved "https://registry.yarnpkg.com/@img/colour/-/colour-1.0.0.tgz#d2fabb223455a793bf3bf9c70de3d28526aa8311"
  integrity sha512-A5P/LfWGFSl6nsckYtjw9da+19jB8hkJ6ACTGcDfEJ0aE+l2n2El7dsVM7UVHZQ9s2lmYMWlrS21YLy2IR1LUw==

"@img/sharp-darwin-arm64@0.34.4":
  version "0.34.4"
  resolved "https://registry.yarnpkg.com/@img/sharp-darwin-arm64/-/sharp-darwin-arm64-0.34.4.tgz#8a0dcac9e621ff533fbf2e830f6a977b38d67a0c"
  integrity sha512-sitdlPzDVyvmINUdJle3TNHl+AG9QcwiAMsXmccqsCOMZNIdW2/7S26w0LyU8euiLVzFBL3dXPwVCq/ODnf2vA==
  optionalDependencies:
    "@img/sharp-libvips-darwin-arm64" "1.2.3"

"@img/sharp-darwin-x64@0.34.4":
  version "0.34.4"
  resolved "https://registry.yarnpkg.com/@img/sharp-darwin-x64/-/sharp-darwin-x64-0.34.4.tgz#0ba2bd9dbf07f7300fab73305b787e66156f7752"
  integrity sha512-rZheupWIoa3+SOdF/IcUe1ah4ZDpKBGWcsPX6MT0lYniH9micvIU7HQkYTfrx5Xi8u+YqwLtxC/3vl8TQN6rMg==
  optionalDependencies:
    "@img/sharp-libvips-darwin-x64" "1.2.3"

"@img/sharp-libvips-darwin-arm64@1.2.3":
  version "1.2.3"
  resolved "https://registry.yarnpkg.com/@img/sharp-libvips-darwin-arm64/-/sharp-libvips-darwin-arm64-1.2.3.tgz#f43c9aa3b74fd307e4318da63ebbe0ed4c34e744"
  integrity sha512-QzWAKo7kpHxbuHqUC28DZ9pIKpSi2ts2OJnoIGI26+HMgq92ZZ4vk8iJd4XsxN+tYfNJxzH6W62X5eTcsBymHw==

"@img/sharp-libvips-darwin-x64@1.2.3":
  version "1.2.3"
  resolved "https://registry.yarnpkg.com/@img/sharp-libvips-darwin-x64/-/sharp-libvips-darwin-x64-1.2.3.tgz#c42ff786d4a1f42ef8929dba4a989dd5df6417f0"
  integrity sha512-Ju+g2xn1E2AKO6YBhxjj+ACcsPQRHT0bhpglxcEf+3uyPY+/gL8veniKoo96335ZaPo03bdDXMv0t+BBFAbmRA==

"@img/sharp-libvips-linux-arm64@1.2.3":
  version "1.2.3"
  resolved "https://registry.yarnpkg.com/@img/sharp-libvips-linux-arm64/-/sharp-libvips-linux-arm64-1.2.3.tgz#c9073e5c4b629ee417f777db21c552910d84ed77"
  integrity sha512-I4RxkXU90cpufazhGPyVujYwfIm9Nk1QDEmiIsaPwdnm013F7RIceaCc87kAH+oUB1ezqEvC6ga4m7MSlqsJvQ==

"@img/sharp-libvips-linux-arm@1.2.3":
  version "1.2.3"
  resolved "https://registry.yarnpkg.com/@img/sharp-libvips-linux-arm/-/sharp-libvips-linux-arm-1.2.3.tgz#3cbc333fd6b8f224a14d69b03a1dd11df897c799"
  integrity sha512-x1uE93lyP6wEwGvgAIV0gP6zmaL/a0tGzJs/BIDDG0zeBhMnuUPm7ptxGhUbcGs4okDJrk4nxgrmxpib9g6HpA==

"@img/sharp-libvips-linux-ppc64@1.2.3":
  version "1.2.3"
  resolved "https://registry.yarnpkg.com/@img/sharp-libvips-linux-ppc64/-/sharp-libvips-linux-ppc64-1.2.3.tgz#68e0e0076299f43d838468675674fabcc7161d16"
  integrity sha512-Y2T7IsQvJLMCBM+pmPbM3bKT/yYJvVtLJGfCs4Sp95SjvnFIjynbjzsa7dY1fRJX45FTSfDksbTp6AGWudiyCg==

"@img/sharp-libvips-linux-s390x@1.2.3":
  version "1.2.3"
  resolved "https://registry.yarnpkg.com/@img/sharp-libvips-linux-s390x/-/sharp-libvips-linux-s390x-1.2.3.tgz#7da9ab11a50c0ca905979f0aae14a4ccffab27b2"
  integrity sha512-RgWrs/gVU7f+K7P+KeHFaBAJlNkD1nIZuVXdQv6S+fNA6syCcoboNjsV2Pou7zNlVdNQoQUpQTk8SWDHUA3y/w==

"@img/sharp-libvips-linux-x64@1.2.3":
  version "1.2.3"
  resolved "https://registry.yarnpkg.com/@img/sharp-libvips-linux-x64/-/sharp-libvips-linux-x64-1.2.3.tgz#3b162d6b190cf77926819040e09fb15eec42135e"
  integrity sha512-3JU7LmR85K6bBiRzSUc/Ff9JBVIFVvq6bomKE0e63UXGeRw2HPVEjoJke1Yx+iU4rL7/7kUjES4dZ/81Qjhyxg==

"@img/sharp-libvips-linuxmusl-arm64@1.2.3":
  version "1.2.3"
  resolved "https://registry.yarnpkg.com/@img/sharp-libvips-linuxmusl-arm64/-/sharp-libvips-linuxmusl-arm64-1.2.3.tgz#ac99576630dd8e33cb598d7c4586f6e0655912ea"
  integrity sha512-F9q83RZ8yaCwENw1GieztSfj5msz7GGykG/BA+MOUefvER69K/ubgFHNeSyUu64amHIYKGDs4sRCMzXVj8sEyw==

"@img/sharp-libvips-linuxmusl-x64@1.2.3":
  version "1.2.3"
  resolved "https://registry.yarnpkg.com/@img/sharp-libvips-linuxmusl-x64/-/sharp-libvips-linuxmusl-x64-1.2.3.tgz#93e9495af7bf6c4e0d41dd71d0196c35c3753a1c"
  integrity sha512-U5PUY5jbc45ANM6tSJpsgqmBF/VsL6LnxJmIf11kB7J5DctHgqm0SkuXzVWtIY90GnJxKnC/JT251TDnk1fu/g==

"@img/sharp-linux-arm64@0.34.4":
  version "0.34.4"
  resolved "https://registry.yarnpkg.com/@img/sharp-linux-arm64/-/sharp-linux-arm64-0.34.4.tgz#0570ff1a4fa6e1d6779456fca8b5e8c18a6a9cf2"
  integrity sha512-YXU1F/mN/Wu786tl72CyJjP/Ngl8mGHN1hST4BGl+hiW5jhCnV2uRVTNOcaYPs73NeT/H8Upm3y9582JVuZHrQ==
  optionalDependencies:
    "@img/sharp-libvips-linux-arm64" "1.2.3"

"@img/sharp-linux-arm@0.34.4":
  version "0.34.4"
  resolved "https://registry.yarnpkg.com/@img/sharp-linux-arm/-/sharp-linux-arm-0.34.4.tgz#5f020d933f54f3fc49203d32c3b7dd0ec11ffcdb"
  integrity sha512-Xyam4mlqM0KkTHYVSuc6wXRmM7LGN0P12li03jAnZ3EJWZqj83+hi8Y9UxZUbxsgsK1qOEwg7O0Bc0LjqQVtxA==
  optionalDependencies:
    "@img/sharp-libvips-linux-arm" "1.2.3"

"@img/sharp-linux-ppc64@0.34.4":
  version "0.34.4"
  resolved "https://registry.yarnpkg.com/@img/sharp-linux-ppc64/-/sharp-linux-ppc64-0.34.4.tgz#8d5775f6dc7e30ea3a1efa43798b7690bb5cb344"
  integrity sha512-F4PDtF4Cy8L8hXA2p3TO6s4aDt93v+LKmpcYFLAVdkkD3hSxZzee0rh6/+94FpAynsuMpLX5h+LRsSG3rIciUQ==
  optionalDependencies:
    "@img/sharp-libvips-linux-ppc64" "1.2.3"

"@img/sharp-linux-s390x@0.34.4":
  version "0.34.4"
  resolved "https://registry.yarnpkg.com/@img/sharp-linux-s390x/-/sharp-linux-s390x-0.34.4.tgz#740aa5b369188ee2c1913b1015e7f830f4dfdb50"
  integrity sha512-qVrZKE9Bsnzy+myf7lFKvng6bQzhNUAYcVORq2P7bDlvmF6u2sCmK2KyEQEBdYk+u3T01pVsPrkj943T1aJAsw==
  optionalDependencies:
    "@img/sharp-libvips-linux-s390x" "1.2.3"

"@img/sharp-linux-x64@0.34.4":
  version "0.34.4"
  resolved "https://registry.yarnpkg.com/@img/sharp-linux-x64/-/sharp-linux-x64-0.34.4.tgz#573ce4196b2d0771bba32acc13a37b7adc9b6212"
  integrity sha512-ZfGtcp2xS51iG79c6Vhw9CWqQC8l2Ot8dygxoDoIQPTat/Ov3qAa8qpxSrtAEAJW+UjTXc4yxCjNfxm4h6Xm2A==
  optionalDependencies:
    "@img/sharp-libvips-linux-x64" "1.2.3"

"@img/sharp-linuxmusl-arm64@0.34.4":
  version "0.34.4"
  resolved "https://registry.yarnpkg.com/@img/sharp-linuxmusl-arm64/-/sharp-linuxmusl-arm64-0.34.4.tgz#3c91bc8348cc3b42b43c6fca14f9dbb5cb47bd0d"
  integrity sha512-8hDVvW9eu4yHWnjaOOR8kHVrew1iIX+MUgwxSuH2XyYeNRtLUe4VNioSqbNkB7ZYQJj9rUTT4PyRscyk2PXFKA==
  optionalDependencies:
    "@img/sharp-libvips-linuxmusl-arm64" "1.2.3"

"@img/sharp-linuxmusl-x64@0.34.4":
  version "0.34.4"
  resolved "https://registry.yarnpkg.com/@img/sharp-linuxmusl-x64/-/sharp-linuxmusl-x64-0.34.4.tgz#33de7d476ac9e2db7ef654331b54cc679b806bda"
  integrity sha512-lU0aA5L8QTlfKjpDCEFOZsTYGn3AEiO6db8W5aQDxj0nQkVrZWmN3ZP9sYKWJdtq3PWPhUNlqehWyXpYDcI9Sg==
  optionalDependencies:
    "@img/sharp-libvips-linuxmusl-x64" "1.2.3"

"@img/sharp-wasm32@0.34.4":
  version "0.34.4"
  resolved "https://registry.yarnpkg.com/@img/sharp-wasm32/-/sharp-wasm32-0.34.4.tgz#d617f7b3f851f899802298f360667c20605c0198"
  integrity sha512-33QL6ZO/qpRyG7woB/HUALz28WnTMI2W1jgX3Nu2bypqLIKx/QKMILLJzJjI+SIbvXdG9fUnmrxR7vbi1sTBeA==
  dependencies:
    "@emnapi/runtime" "^1.5.0"

"@img/sharp-win32-arm64@0.34.4":
  version "0.34.4"
  resolved "https://registry.yarnpkg.com/@img/sharp-win32-arm64/-/sharp-win32-arm64-0.34.4.tgz#38e2c8a88826eac647f7c3f99efefb39897a8f5c"
  integrity sha512-2Q250do/5WXTwxW3zjsEuMSv5sUU4Tq9VThWKlU2EYLm4MB7ZeMwF+SFJutldYODXF6jzc6YEOC+VfX0SZQPqA==

"@img/sharp-win32-ia32@0.34.4":
  version "0.34.4"
  resolved "https://registry.yarnpkg.com/@img/sharp-win32-ia32/-/sharp-win32-ia32-0.34.4.tgz#003a7eb0fdaba600790c3007cfd756e41a9cf749"
  integrity sha512-3ZeLue5V82dT92CNL6rsal6I2weKw1cYu+rGKm8fOCCtJTR2gYeUfY3FqUnIJsMUPIH68oS5jmZ0NiJ508YpEw==

"@img/sharp-win32-x64@0.34.4":
  version "0.34.4"
  resolved "https://registry.yarnpkg.com/@img/sharp-win32-x64/-/sharp-win32-x64-0.34.4.tgz#b19f1f88ace8bfc20784a0ad31767f3438e025d1"
  integrity sha512-xIyj4wpYs8J18sVN3mSQjwrw7fKUqRw+Z5rnHNCy5fYTxigBz81u5mOMPmFumwjcn8+ld1ppptMBCLic1nz6ig==

"@next/env@16.1.5":
  version "16.1.5"
  resolved "https://registry.yarnpkg.com/@next/env/-/env-16.1.5.tgz#83740cf3a0e617848c53c154b41cf141f0f536ca"
  integrity sha512-CRSCPJiSZoi4Pn69RYBDI9R7YK2g59vLexPQFXY0eyw+ILevIenCywzg+DqmlBik9zszEnw2HLFOUlLAcJbL7g==

"@next/swc-darwin-arm64@16.1.5":
  version "16.1.5"
  resolved "https://registry.yarnpkg.com/@next/swc-darwin-arm64/-/swc-darwin-arm64-16.1.5.tgz#d664b92c24f2b96e5bd21251644540e5991e44fb"
  integrity sha512-eK7Wdm3Hjy/SCL7TevlH0C9chrpeOYWx2iR7guJDaz4zEQKWcS1IMVfMb9UKBFMg1XgzcPTYPIp1Vcpukkjg6Q==

"@next/swc-darwin-x64@16.1.5":
  version "16.1.5"
  resolved "https://registry.yarnpkg.com/@next/swc-darwin-x64/-/swc-darwin-x64-16.1.5.tgz#196cc91fcf535f0caceb21c9d4f656fe08d26caf"
  integrity sha512-foQscSHD1dCuxBmGkbIr6ScAUF6pRoDZP6czajyvmXPAOFNnQUJu2Os1SGELODjKp/ULa4fulnBWoHV3XdPLfA==

"@next/swc-linux-arm64-gnu@16.1.5":
  version "16.1.5"
  resolved "https://registry.yarnpkg.com/@next/swc-linux-arm64-gnu/-/swc-linux-arm64-gnu-16.1.5.tgz#3e55467655850d5daebaabcfc62be170589b4cbc"
  integrity sha512-qNIb42o3C02ccIeSeKjacF3HXotGsxh/FMk/rSRmCzOVMtoWH88odn2uZqF8RLsSUWHcAqTgYmPD3pZ03L9ZAA==

"@next/swc-linux-arm64-musl@16.1.5":
  version "16.1.5"
  resolved "https://registry.yarnpkg.com/@next/swc-linux-arm64-musl/-/swc-linux-arm64-musl-16.1.5.tgz#c034c1783338d597d5b9aa0735ce9648592b7dfb"
  integrity sha512-U+kBxGUY1xMAzDTXmuVMfhaWUZQAwzRaHJ/I6ihtR5SbTVUEaDRiEU9YMjy1obBWpdOBuk1bcm+tsmifYSygfw==

"@next/swc-linux-x64-gnu@16.1.5":
  version "16.1.5"
  resolved "https://registry.yarnpkg.com/@next/swc-linux-x64-gnu/-/swc-linux-x64-gnu-16.1.5.tgz#82d946ade981b8ee2cc308427817841d5ccb8fa4"
  integrity sha512-gq2UtoCpN7Ke/7tKaU7i/1L7eFLfhMbXjNghSv0MVGF1dmuoaPeEVDvkDuO/9LVa44h5gqpWeJ4mRRznjDv7LA==

"@next/swc-linux-x64-musl@16.1.5":
  version "16.1.5"
  resolved "https://registry.yarnpkg.com/@next/swc-linux-x64-musl/-/swc-linux-x64-musl-16.1.5.tgz#3f3738014c9555d7fd195e9413840a485cedfbba"
  integrity sha512-bQWSE729PbXT6mMklWLf8dotislPle2L70E9q6iwETYEOt092GDn0c+TTNj26AjmeceSsC4ndyGsK5nKqHYXjQ==

"@next/swc-win32-arm64-msvc@16.1.5":
  version "16.1.5"
  resolved "https://registry.yarnpkg.com/@next/swc-win32-arm64-msvc/-/swc-win32-arm64-msvc-16.1.5.tgz#359e0ab022a41389a8d9700e41b71338752bd0ba"
  integrity sha512-LZli0anutkIllMtTAWZlDqdfvjWX/ch8AFK5WgkNTvaqwlouiD1oHM+WW8RXMiL0+vAkAJyAGEzPPjO+hnrSNQ==

"@next/swc-win32-x64-msvc@16.1.5":
  version "16.1.5"
  resolved "https://registry.yarnpkg.com/@next/swc-win32-x64-msvc/-/swc-win32-x64-msvc-16.1.5.tgz#92c0161dec3c466b120a312199a376d029b92ce2"
  integrity sha512-7is37HJTNQGhjPpQbkKjKEboHYQnCgpVt/4rBrrln0D9nderNxZ8ZWs8w1fAtzUx7wEyYjQ+/13myFgFj6K2Ng==

"@swc/helpers@0.5.15":
  version "0.5.15"
  resolved "https://registry.yarnpkg.com/@swc/helpers/-/helpers-0.5.15.tgz#79efab344c5819ecf83a43f3f9f811fc84b516d7"
  integrity sha512-JQ5TuMi45Owi4/BIMAJBoSQoOJu12oOk/gADqlcUL9JEdHB8vyjUSsxqeNXnmXHjYKMi2WcYtezGEEhqUI/E2g==
  dependencies:
    tslib "^2.8.0"

"@toast-ui/editor@^3.2.2":
  version "3.2.2"
  resolved "https://registry.yarnpkg.com/@toast-ui/editor/-/editor-3.2.2.tgz#1f2837271c5c9c3e29e090d7440bfc6ab23fb4c4"
  integrity sha512-ASX7LFjN2ZYQJrwmkUajPs7DRr9FsM1+RQ82CfTO0Y5ZXorBk1VZS4C2Dpxinx9kl55V4F8/A2h2QF4QMDtRbA==
  dependencies:
    dompurify "^2.3.3"
    prosemirror-commands "^1.1.9"
    prosemirror-history "^1.1.3"
    prosemirror-inputrules "^1.1.3"
    prosemirror-keymap "^1.1.4"
    prosemirror-model "^1.14.1"
    prosemirror-state "^1.3.4"
    prosemirror-view "^1.18.7"

"@toast-ui/react-editor@^3.2.3":
  version "3.2.3"
  resolved "https://registry.yarnpkg.com/@toast-ui/react-editor/-/react-editor-3.2.3.tgz#e335f99595709b5b1961d3d77a0338a07c419a32"
  integrity sha512-86QdgiOkBeSwRBEUWRKsTpnm6yu5j9HNJ3EfQN8EGcd7kI8k8AhExXyUJ3NNgNTzN7FfSKMw+1VaCDDC+aZ3dw==
  dependencies:
    "@toast-ui/editor" "^3.2.2"

"@types/node@^24.10.1":
  version "24.10.1"
  resolved "https://registry.yarnpkg.com/@types/node/-/node-24.10.1.tgz#91e92182c93db8bd6224fca031e2370cef9a8f01"
  integrity sha512-GNWcUTRBgIRJD5zj+Tq0fKOJ5XZajIiBroOF0yvj2bSU1WvNdYS/dn9UxwsujGW4JX06dnHyjV2y9rRaybH0iQ==
  dependencies:
    undici-types "~7.16.0"

"@types/react@^19.2.7":
  version "19.2.7"
  resolved "https://registry.yarnpkg.com/@types/react/-/react-19.2.7.tgz#84e62c0f23e8e4e5ac2cadcea1ffeacccae7f62f"
  integrity sha512-MWtvHrGZLFttgeEj28VXHxpmwYbor/ATPYbBfSFZEIRK0ecCFLl2Qo55z52Hss+UV9CRN7trSeq1zbgx7YDWWg==
  dependencies:
    csstype "^3.2.2"

"@vercel/analytics@^1.6.1":
  version "1.6.1"
  resolved "https://registry.yarnpkg.com/@vercel/analytics/-/analytics-1.6.1.tgz#b4e16daf445cf6cd365a91e43d86e9e5b3428ddc"
  integrity sha512-oH9He/bEM+6oKlv3chWuOOcp8Y6fo6/PSro8hEkgCW3pu9/OiCXiUpRUogDh3Fs3LH2sosDrx8CxeOLBEE+afg==

"@vercel/speed-insights@^1.3.1":
  version "1.3.1"
  resolved "https://registry.yarnpkg.com/@vercel/speed-insights/-/speed-insights-1.3.1.tgz#df8baeba65a1aaaf11adbd09d3fe7edc6b2a493a"
  integrity sha512-PbEr7FrMkUrGYvlcLHGkXdCkxnylCWePx7lPxxq36DNdfo9mcUjLOmqOyPDHAOgnfqgGGdmE3XI9L/4+5fr+vQ==

baseline-browser-mapping@^2.8.3:
  version "2.9.18"
  resolved "https://registry.yarnpkg.com/baseline-browser-mapping/-/baseline-browser-mapping-2.9.18.tgz#c8281693035a9261b10d662a5379650a6c2d1ff7"
  integrity sha512-e23vBV1ZLfjb9apvfPk4rHVu2ry6RIr2Wfs+O324okSidrX7pTAnEJPCh/O5BtRlr7QtZI7ktOP3vsqr7Z5XoA==

caniuse-lite@^1.0.30001579:
  version "1.0.30001581"
  resolved "https://registry.yarnpkg.com/caniuse-lite/-/caniuse-lite-1.0.30001581.tgz#0dfd4db9e94edbdca67d57348ebc070dece279f4"
  integrity sha512-whlTkwhqV2tUmP3oYhtNfaWGYHDdS3JYFQBKXxcUR9qqPWsRhFHhoISO2Xnl/g0xyKzht9mI1LZpiNWfMzHixQ==

classnames@^2.5.1:
  version "2.5.1"
  resolved "https://registry.yarnpkg.com/classnames/-/classnames-2.5.1.tgz#ba774c614be0f016da105c858e7159eae8e7687b"
  integrity sha512-saHYOzhIQs6wy2sVxTM6bUDsQO4F50V9RQ22qBpEdCW+I+/Wmke2HOl6lS6dTpdxVhb88/I6+Hs+438c3lfUow==

client-only@0.0.1:
  version "0.0.1"
  resolved "https://registry.yarnpkg.com/client-only/-/client-only-0.0.1.tgz#38bba5d403c41ab150bff64a95c85013cf73bca1"
  integrity sha512-IV3Ou0jSMzZrd3pZ48nLkT9DA7Ag1pnPzaiQhpW7c3RbcqqzvzzVu+L8gfqMp/8IM2MQtSiqaCxrrcfu8I8rMA==

commander@^9.0.0:
  version "9.4.1"
  resolved "https://registry.yarnpkg.com/commander/-/commander-9.4.1.tgz#d1dd8f2ce6faf93147295c0df13c7c21141cfbdd"
  integrity sha512-5EEkTNyHNGFPD2H+c/dXXfQZYa/scCKasxWcXJaWnNJ99pnQN9Vnmqow+p+PlFPE63Q6mThaZws1T+HxfpgtPw==

csstype@^3.2.2:
  version "3.2.3"
  resolved "https://registry.yarnpkg.com/csstype/-/csstype-3.2.3.tgz#ec48c0f3e993e50648c86da559e2610995cf989a"
  integrity sha512-z1HGKcYy2xA8AGQfwrn0PAy+PB7X/GSj3UVJW9qKyn43xWa+gl5nXmU4qqLMRzWVLFC8KusUX8T/0kCiOYpAIQ==

data-uri-to-buffer@^4.0.0:
  version "4.0.0"
  resolved "https://registry.yarnpkg.com/data-uri-to-buffer/-/data-uri-to-buffer-4.0.0.tgz#b5db46aea50f6176428ac05b73be39a57701a64b"
  integrity sha512-Vr3mLBA8qWmcuschSLAOogKgQ/Jwxulv3RNE4FXnYWRGujzrRWQI4m12fQqRkwX06C0KanhLr4hK+GydchZsaA==

date-fns@^4.1.0:
  version "4.1.0"
  resolved "https://registry.yarnpkg.com/date-fns/-/date-fns-4.1.0.tgz#64b3d83fff5aa80438f5b1a633c2e83b8a1c2d14"
  integrity sha512-Ukq0owbQXxa/U3EGtsdVBkR1w7KOQ5gIBqdH2hkvknzZPYvBxb/aa6E8L7tmjFtkwZBu3UXBbjIgPo/Ez4xaNg==

dequal@^2.0.3:
  version "2.0.3"
  resolved "https://registry.yarnpkg.com/dequal/-/dequal-2.0.3.tgz#2644214f1997d39ed0ee0ece72335490a7ac67be"
  integrity sha512-0je+qPKHEMohvfRTCEo3CrPG6cAzAYgmzKyxRiYSSDkS6eGJdyVJm7WaYA5ECaAD9wLB2T4EEeymA5aFVcYXCA==

detect-libc@^2.1.0:
  version "2.1.2"
  resolved "https://registry.yarnpkg.com/detect-libc/-/detect-libc-2.1.2.tgz#689c5dcdc1900ef5583a4cb9f6d7b473742074ad"
  integrity sha512-Btj2BOOO83o3WyH59e8MgXsxEQVcarkUOpEYrubB0urwnN10yQ364rsiByU11nZlqWYZm05i/of7io4mzihBtQ==

dompurify@^2.3.3:
  version "2.5.6"
  resolved "https://registry.yarnpkg.com/dompurify/-/dompurify-2.5.6.tgz#8402b501611eaa7fb3786072297fcbe2787f8592"
  integrity sha512-zUTaUBO8pY4+iJMPE1B9XlO2tXVYIcEA4SNGtvDELzTSCQO7RzH+j7S180BmhmJId78lqGU2z19vgVx2Sxs/PQ==

entities@^2.0.3:
  version "2.2.0"
  resolved "https://registry.yarnpkg.com/entities/-/entities-2.2.0.tgz#098dc90ebb83d8dffa089d55256b351d34c4da55"
  integrity sha512-p92if5Nz619I0w+akJrLZH0MX0Pb5DX39XOwQTtXSdQQOaYH03S1uIQp4mhOZtAXrxq4ViO67YTiLBo2638o9A==

fetch-blob@^3.1.2, fetch-blob@^3.1.4:
  version "3.2.0"
  resolved "https://registry.yarnpkg.com/fetch-blob/-/fetch-blob-3.2.0.tgz#f09b8d4bbd45adc6f0c20b7e787e793e309dcce9"
  integrity sha512-7yAQpD2UMJzLi1Dqv7qFYnPbaPx7ZfFK6PiIxQ4PfkGPyNyl2Ugx+a/umUonmKqjhM4DnfbMvdX6otXq83soQQ==
  dependencies:
    node-domexception "^1.0.0"
    web-streams-polyfill "^3.0.3"

formdata-polyfill@^4.0.10:
  version "4.0.10"
  resolved "https://registry.yarnpkg.com/formdata-polyfill/-/formdata-polyfill-4.0.10.tgz#24807c31c9d402e002ab3d8c720144ceb8848423"
  integrity sha512-buewHzMvYL29jdeQTVILecSaZKnt/RJWjoZCF5OW60Z67/GmSLBkOFM7qh1PI3zFNtJbaZL5eQu1vLfazOwj4g==
  dependencies:
    fetch-blob "^3.1.2"

nanoid@^3.3.6:
  version "3.3.7"
  resolved "https://registry.yarnpkg.com/nanoid/-/nanoid-3.3.7.tgz#d0c301a691bc8d54efa0a2226ccf3fe2fd656bd8"
  integrity sha512-eSRppjcPIatRIMC1U6UngP8XFcz8MQWGQdt1MTBQ7NaAmvXDfvNxbvWV3x2y6CdEUciCSsDHDQZbhYaB8QEo2g==

next@16.1.5:
  version "16.1.5"
  resolved "https://registry.yarnpkg.com/next/-/next-16.1.5.tgz#95c9bc91bfb1bb0d3f2d441fdbb550bf18939edf"
  integrity sha512-f+wE+NSbiQgh3DSAlTaw2FwY5yGdVViAtp8TotNQj4kk4Q8Bh1sC/aL9aH+Rg1YAVn18OYXsRDT7U/079jgP7w==
  dependencies:
    "@next/env" "16.1.5"
    "@swc/helpers" "0.5.15"
    baseline-browser-mapping "^2.8.3"
    caniuse-lite "^1.0.30001579"
    postcss "8.4.31"
    styled-jsx "5.1.6"
  optionalDependencies:
    "@next/swc-darwin-arm64" "16.1.5"
    "@next/swc-darwin-x64" "16.1.5"
    "@next/swc-linux-arm64-gnu" "16.1.5"
    "@next/swc-linux-arm64-musl" "16.1.5"
    "@next/swc-linux-x64-gnu" "16.1.5"
    "@next/swc-linux-x64-musl" "16.1.5"
    "@next/swc-win32-arm64-msvc" "16.1.5"
    "@next/swc-win32-x64-msvc" "16.1.5"
    sharp "^0.34.4"

node-domexception@^1.0.0:
  version "1.0.0"
  resolved "https://registry.yarnpkg.com/node-domexception/-/node-domexception-1.0.0.tgz#6888db46a1f71c0b76b3f7555016b63fe64766e5"
  integrity sha512-/jKZoMpw0F8GRwl4/eLROPA3cfcXtLApP0QzLmUT/HuPCZWyB7IY9ZrMeKw2O/nFIqPQB3PVM9aYm0F312AXDQ==

node-fetch@^3.3.2:
  version "3.3.2"
  resolved "https://registry.yarnpkg.com/node-fetch/-/node-fetch-3.3.2.tgz#d1e889bacdf733b4ff3b2b243eb7a12866a0b78b"
  integrity sha512-dRB78srN/l6gqWulah9SrxeYnxeddIG30+GOqK/9OlLVyLg3HPnr6SqOWTWOXKRwC2eGYCkZ59NNuSgvSrpgOA==
  dependencies:
    data-uri-to-buffer "^4.0.0"
    fetch-blob "^3.1.4"
    formdata-polyfill "^4.0.10"

normalize.css@^8.0.1:
  version "8.0.1"
  resolved "https://registry.yarnpkg.com/normalize.css/-/normalize.css-8.0.1.tgz#9b98a208738b9cc2634caacbc42d131c97487bf3"
  integrity sha512-qizSNPO93t1YUuUhP22btGOo3chcvDFqFaj2TRybP0DMxkHOCTYwp3n34fel4a31ORXy4m1Xq0Gyqpb5m33qIg==

orderedmap@^2.0.0:
  version "2.1.0"
  resolved "https://registry.yarnpkg.com/orderedmap/-/orderedmap-2.1.0.tgz#819457082fa3a06abd316d83a281a1ca467437cd"
  integrity sha512-/pIFexOm6S70EPdznemIz3BQZoJ4VTFrhqzu0ACBqBgeLsLxq8e6Jim63ImIfwW/zAD1AlXpRMlOv3aghmo4dA==

picocolors@^1.0.0:
  version "1.0.0"
  resolved "https://registry.yarnpkg.com/picocolors/-/picocolors-1.0.0.tgz#cb5bdc74ff3f51892236eaf79d68bc44564ab81c"
  integrity sha512-1fygroTLlHu66zi26VoTDv8yRgm0Fccecssto+MhsZ0D/DGW2sm8E8AjW7NU5VVTRt5GxbeZ5qBuJr+HyLYkjQ==

postcss@8.4.31:
  version "8.4.31"
  resolved "https://registry.yarnpkg.com/postcss/-/postcss-8.4.31.tgz#92b451050a9f914da6755af352bdc0192508656d"
  integrity sha512-PS08Iboia9mts/2ygV3eLpY5ghnUcfLV/EXTOW1E2qYxJKGGBUtNjN76FYHnMs36RmARn41bC0AZmn+rR0OVpQ==
  dependencies:
    nanoid "^3.3.6"
    picocolors "^1.0.0"
    source-map-js "^1.0.2"

prosemirror-commands@^1.1.9:
  version "1.5.0"
  resolved "https://registry.yarnpkg.com/prosemirror-commands/-/prosemirror-commands-1.5.0.tgz#d10efece1647c1d984fef6f65d52fdc77785560b"
  integrity sha512-zL0Fxbj3fh71GPNHn5YdYgYGX2aU2XLecZYk2ekEF0oOD259HcXtM+96VjPVi5o3h4sGUdDfEEhGiREXW6U+4A==
  dependencies:
    prosemirror-model "^1.0.0"
    prosemirror-state "^1.0.0"
    prosemirror-transform "^1.0.0"

prosemirror-history@^1.1.3:
  version "1.3.0"
  resolved "https://registry.yarnpkg.com/prosemirror-history/-/prosemirror-history-1.3.0.tgz#bf5a1ff7759aca759ddf0c722c2fa5b14fb0ddc1"
  integrity sha512-qo/9Wn4B/Bq89/YD+eNWFbAytu6dmIM85EhID+fz9Jcl9+DfGEo8TTSrRhP15+fFEoaPqpHSxlvSzSEbmlxlUA==
  dependencies:
    prosemirror-state "^1.2.2"
    prosemirror-transform "^1.0.0"
    rope-sequence "^1.3.0"

prosemirror-inputrules@^1.1.3:
  version "1.2.0"
  resolved "https://registry.yarnpkg.com/prosemirror-inputrules/-/prosemirror-inputrules-1.2.0.tgz#476dde2dc244050b3aca00cf58a82adfad6749e7"
  integrity sha512-eAW/M/NTSSzpCOxfR8Abw6OagdG0MiDAiWHQMQveIsZtoKVYzm0AflSPq/ymqJd56/Su1YPbwy9lM13wgHOFmQ==
  dependencies:
    prosemirror-state "^1.0.0"
    prosemirror-transform "^1.0.0"

prosemirror-keymap@^1.1.4:
  version "1.2.0"
  resolved "https://registry.yarnpkg.com/prosemirror-keymap/-/prosemirror-keymap-1.2.0.tgz#d5cc9da9b712020690a994b50b92a0e448a60bf5"
  integrity sha512-TdSfu+YyLDd54ufN/ZeD1VtBRYpgZnTPnnbY+4R08DDgs84KrIPEPbJL8t1Lm2dkljFx6xeBE26YWH3aIzkPKg==
  dependencies:
    prosemirror-state "^1.0.0"
    w3c-keyname "^2.2.0"

prosemirror-model@^1.0.0, prosemirror-model@^1.14.1, prosemirror-model@^1.16.0:
  version "1.18.3"
  resolved "https://registry.yarnpkg.com/prosemirror-model/-/prosemirror-model-1.18.3.tgz#d1026a78cff928fd600e90d87cf7d162e0a4e3fd"
  integrity sha512-yUVejauEY3F1r7PDy4UJKEGeIU+KFc71JQl5sNvG66CLVdKXRjhWpBW6KMeduGsmGOsw85f6EGrs6QxIKOVILA==
  dependencies:
    orderedmap "^2.0.0"

prosemirror-state@^1.0.0, prosemirror-state@^1.2.2, prosemirror-state@^1.3.4:
  version "1.4.2"
  resolved "https://registry.yarnpkg.com/prosemirror-state/-/prosemirror-state-1.4.2.tgz#f93bd8a33a4454efab917ba9b738259d828db7e5"
  integrity sha512-puuzLD2mz/oTdfgd8msFbe0A42j5eNudKAAPDB0+QJRw8cO1ygjLmhLrg9RvDpf87Dkd6D4t93qdef00KKNacQ==
  dependencies:
    prosemirror-model "^1.0.0"
    prosemirror-transform "^1.0.0"
    prosemirror-view "^1.27.0"

prosemirror-transform@^1.0.0, prosemirror-transform@^1.1.0:
  version "1.7.0"
  resolved "https://registry.yarnpkg.com/prosemirror-transform/-/prosemirror-transform-1.7.0.tgz#a8a0768f3ee6418d26ebef435beda9d43c65e472"
  integrity sha512-O4T697Cqilw06Zvc3Wm+e237R6eZtJL/xGMliCi+Uo8VL6qHk6afz1qq0zNjT3eZMuYwnP8ZS0+YxX/tfcE9TQ==
  dependencies:
    prosemirror-model "^1.0.0"

prosemirror-view@^1.18.7, prosemirror-view@^1.27.0:
  version "1.29.1"
  resolved "https://registry.yarnpkg.com/prosemirror-view/-/prosemirror-view-1.29.1.tgz#9a4938d1a863ca76e23c6573d30e3ece2b17d9a0"
  integrity sha512-OhujVZSDsh0l0PyHNdfaBj6DBkbhYaCfbaxmTeFrMKd/eWS+G6IC+OAbmR9IsLC8Se1HSbphMaXnsXjupHL3UQ==
  dependencies:
    prosemirror-model "^1.16.0"
    prosemirror-state "^1.0.0"
    prosemirror-transform "^1.1.0"

react-dom@19.2.1:
  version "19.2.1"
  resolved "https://registry.yarnpkg.com/react-dom/-/react-dom-19.2.1.tgz#ce3527560bda4f997e47d10dab754825b3061f59"
  integrity sha512-ibrK8llX2a4eOskq1mXKu/TGZj9qzomO+sNfO98M6d9zIPOEhlBkMkBUBLd1vgS0gQsLDBzA+8jJBVXDnfHmJg==
  dependencies:
    scheduler "^0.27.0"

react@19.2.1:
  version "19.2.1"
  resolved "https://registry.yarnpkg.com/react/-/react-19.2.1.tgz#8600fa205e58e2e807f6ef431c9f6492591a2700"
  integrity sha512-DGrYcCWK7tvYMnWh79yrPHt+vdx9tY+1gPZa7nJQtO/p8bLTDaHp4dzwEhQB7pZ4Xe3ok4XKuEPrVuc+wlpkmw==

rope-sequence@^1.3.0:
  version "1.3.3"
  resolved "https://registry.yarnpkg.com/rope-sequence/-/rope-sequence-1.3.3.tgz#3f67fc106288b84b71532b4a5fd9d4881e4457f0"
  integrity sha512-85aZYCxweiD5J8yTEbw+E6A27zSnLPNDL0WfPdw3YYodq7WjnTKo0q4dtyQ2gz23iPT8Q9CUyJtAaUNcTxRf5Q==

rss-parser@^3.13.0:
  version "3.13.0"
  resolved "https://registry.yarnpkg.com/rss-parser/-/rss-parser-3.13.0.tgz#f1f83b0a85166b8310ec531da6fbaa53ff0f50f0"
  integrity sha512-7jWUBV5yGN3rqMMj7CZufl/291QAhvrrGpDNE4k/02ZchL0npisiYYqULF71jCEKoIiHvK/Q2e6IkDwPziT7+w==
  dependencies:
    entities "^2.0.3"
    xml2js "^0.5.0"

sax@>=0.6.0:
  version "1.2.4"
  resolved "https://registry.yarnpkg.com/sax/-/sax-1.2.4.tgz#2816234e2378bddc4e5354fab5caa895df7100d9"
  integrity sha512-NqVDv9TpANUjFm0N8uM5GxL36UgKi9/atZw+x7YFnQ8ckwFGKrl4xX4yWtrey3UJm5nP1kUbnYgLopqWNSRhWw==

scheduler@^0.27.0:
  version "0.27.0"
  resolved "https://registry.yarnpkg.com/scheduler/-/scheduler-0.27.0.tgz#0c4ef82d67d1e5c1e359e8fc76d3a87f045fe5bd"
  integrity sha512-eNv+WrVbKu1f3vbYJT/xtiF5syA5HPIMtf9IgY/nKg0sWqzAUEvqY/xm7OcZc/qafLx/iO9FgOmeSAp4v5ti/Q==

semver@^7.7.2:
  version "7.7.2"
  resolved "https://registry.yarnpkg.com/semver/-/semver-7.7.2.tgz#67d99fdcd35cec21e6f8b87a7fd515a33f982b58"
  integrity sha512-RF0Fw+rO5AMf9MAyaRXI4AV0Ulj5lMHqVxxdSgiVbixSCXoEmmX/jk0CuJw4+3SqroYO9VoUh+HcuJivvtJemA==

sharp@^0.34.4:
  version "0.34.4"
  resolved "https://registry.yarnpkg.com/sharp/-/sharp-0.34.4.tgz#73c2c5a425e98250b8b927e5537f711da8966e38"
  integrity sha512-FUH39xp3SBPnxWvd5iib1X8XY7J0K0X7d93sie9CJg2PO8/7gmg89Nve6OjItK53/MlAushNNxteBYfM6DEuoA==
  dependencies:
    "@img/colour" "^1.0.0"
    detect-libc "^2.1.0"
    semver "^7.7.2"
  optionalDependencies:
    "@img/sharp-darwin-arm64" "0.34.4"
    "@img/sharp-darwin-x64" "0.34.4"
    "@img/sharp-libvips-darwin-arm64" "1.2.3"
    "@img/sharp-libvips-darwin-x64" "1.2.3"
    "@img/sharp-libvips-linux-arm" "1.2.3"
    "@img/sharp-libvips-linux-arm64" "1.2.3"
    "@img/sharp-libvips-linux-ppc64" "1.2.3"
    "@img/sharp-libvips-linux-s390x" "1.2.3"
    "@img/sharp-libvips-linux-x64" "1.2.3"
    "@img/sharp-libvips-linuxmusl-arm64" "1.2.3"
    "@img/sharp-libvips-linuxmusl-x64" "1.2.3"
    "@img/sharp-linux-arm" "0.34.4"
    "@img/sharp-linux-arm64" "0.34.4"
    "@img/sharp-linux-ppc64" "0.34.4"
    "@img/sharp-linux-s390x" "0.34.4"
    "@img/sharp-linux-x64" "0.34.4"
    "@img/sharp-linuxmusl-arm64" "0.34.4"
    "@img/sharp-linuxmusl-x64" "0.34.4"
    "@img/sharp-wasm32" "0.34.4"
    "@img/sharp-win32-arm64" "0.34.4"
    "@img/sharp-win32-ia32" "0.34.4"
    "@img/sharp-win32-x64" "0.34.4"

showdown@^2.1.0:
  version "2.1.0"
  resolved "https://registry.yarnpkg.com/showdown/-/showdown-2.1.0.tgz#1251f5ed8f773f0c0c7bfc8e6fd23581f9e545c5"
  integrity sha512-/6NVYu4U819R2pUIk79n67SYgJHWCce0a5xTP979WbNp0FL9MN1I1QK662IDU1b6JzKTvmhgI7T7JYIxBi3kMQ==
  dependencies:
    commander "^9.0.0"

source-map-js@^1.0.2:
  version "1.0.2"
  resolved "https://registry.yarnpkg.com/source-map-js/-/source-map-js-1.0.2.tgz#adbc361d9c62df380125e7f161f71c826f1e490c"
  integrity sha512-R0XvVJ9WusLiqTCEiGCmICCMplcCkIwwR11mOSD9CR5u+IXYdiseeEuXCVAjS54zqwkLcPNnmU4OeJ6tUrWhDw==

styled-jsx@5.1.6:
  version "5.1.6"
  resolved "https://registry.yarnpkg.com/styled-jsx/-/styled-jsx-5.1.6.tgz#83b90c077e6c6a80f7f5e8781d0f311b2fe41499"
  integrity sha512-qSVyDTeMotdvQYoHWLNGwRFJHC+i+ZvdBRYosOFgC+Wg1vx4frN2/RG/NA7SYqqvKNLf39P2LSRA2pu6n0XYZA==
  dependencies:
    client-only "0.0.1"

swr@^2.3.7:
  version "2.3.7"
  resolved "https://registry.yarnpkg.com/swr/-/swr-2.3.7.tgz#93ca89c9c06a6a8dab72e9d8e85a687123f40356"
  integrity sha512-ZEquQ82QvalqTxhBVv/DlAg2mbmUjF4UgpPg9wwk4ufb9rQnZXh1iKyyKBqV6bQGu1Ie7L1QwSYO07qFIa1p+g==
  dependencies:
    dequal "^2.0.3"
    use-sync-external-store "^1.4.0"

tslib@^2.4.0:
  version "2.4.1"
  resolved "https://registry.yarnpkg.com/tslib/-/tslib-2.4.1.tgz#0d0bfbaac2880b91e22df0768e55be9753a5b17e"
  integrity sha512-tGyy4dAjRIEwI7BzsB0lynWgOpfqjUdq91XXAlIWD2OwKBH7oCl/GZG/HT4BOHrTlPMOASlMQ7veyTqpmRcrNA==

tslib@^2.8.0:
  version "2.8.1"
  resolved "https://registry.yarnpkg.com/tslib/-/tslib-2.8.1.tgz#612efe4ed235d567e8aba5f2a5fab70280ade83f"
  integrity sha512-oJFu94HQb+KVduSUQL7wnpmqnfmLsOA/nAh6b6EH0wCEoK0/mPeXU6c3wKDV83MkOuHPRHtSXKKU99IBazS/2w==

typescript@^5.9.3:
  version "5.9.3"
  resolved "https://registry.yarnpkg.com/typescript/-/typescript-5.9.3.tgz#5b4f59e15310ab17a216f5d6cf53ee476ede670f"
  integrity sha512-jl1vZzPDinLr9eUt3J/t7V6FgNEw9QjvBPdysz9KfQDD41fQrC2Y4vKQdiaUpFT4bXlb1RHhLpp8wtm6M5TgSw==

undici-types@~7.16.0:
  version "7.16.0"
  resolved "https://registry.yarnpkg.com/undici-types/-/undici-types-7.16.0.tgz#ffccdff36aea4884cbfce9a750a0580224f58a46"
  integrity sha512-Zz+aZWSj8LE6zoxD+xrjh4VfkIG8Ya6LvYkZqtUQGJPZjYl53ypCaUwWqo7eI0x66KBGeRo+mlBEkMSeSZ38Nw==

use-sync-external-store@^1.4.0:
  version "1.5.0"
  resolved "https://registry.yarnpkg.com/use-sync-external-store/-/use-sync-external-store-1.5.0.tgz#55122e2a3edd2a6c106174c27485e0fd59bcfca0"
  integrity sha512-Rb46I4cGGVBmjamjphe8L/UnvJD+uPPtTkNvX5mZgqdbavhI4EbgIWJiIHXJ8bc/i9EQGPRh4DwEURJ552Do0A==

w3c-keyname@^2.2.0:
  version "2.2.6"
  resolved "https://registry.yarnpkg.com/w3c-keyname/-/w3c-keyname-2.2.6.tgz#8412046116bc16c5d73d4e612053ea10a189c85f"
  integrity sha512-f+fciywl1SJEniZHD6H+kUO8gOnwIr7f4ijKA6+ZvJFjeGi1r4PDLl53Ayud9O/rk64RqgoQine0feoeOU0kXg==

web-streams-polyfill@^3.0.3:
  version "3.2.1"
  resolved "https://registry.yarnpkg.com/web-streams-polyfill/-/web-streams-polyfill-3.2.1.tgz#71c2718c52b45fd49dbeee88634b3a60ceab42a6"
  integrity sha512-e0MO3wdXWKrLbL0DgGnUV7WHVuw9OUvL4hjgnPkIeEvESk74gAITi5G606JtZPp39cd8HA9VQzCIvA49LpPN5Q==

xml2js@^0.5.0:
  version "0.5.0"
  resolved "https://registry.yarnpkg.com/xml2js/-/xml2js-0.5.0.tgz#d9440631fbb2ed800203fad106f2724f62c493b7"
  integrity sha512-drPFnkQJik/O+uPKpqSgr22mpuFHqKdbS835iAQrUC73L2F5WkboIRd63ai/2Yg6I1jzifPFKH2NTK+cfglkIA==
  dependencies:
    sax ">=0.6.0"
    xmlbuilder "~11.0.0"

xmlbuilder@~11.0.0:
  version "11.0.1"
  resolved "https://registry.yarnpkg.com/xmlbuilder/-/xmlbuilder-11.0.1.tgz#be9bae1c8a046e76b31127726347d0ad7002beb3"
  integrity sha512-fDlsI/kFEx7gLvbecc0/ohLG50fugQp8ryHzMTuW9vSa1GJ0XYWKnhsUx7oie3G98+r56aTQIUB4kht42R3JvA==
